
Microsoft Visual Studio Solution File, Format Version 12.00
# Visual Studio 14
VisualStudioVersion = 14.0.25123.0
MinimumVisualStudioVersion = 10.0.40219.1
Project("{FAE04EC0-301F-11D3-BF4B-00C04F79EFBC}") = "DotNetExtensions", "DotNetExtensions\DotNetExtensions.csproj", "{5093B38E-9283-4DB2-B62E-C19907069A9C}"
EndProject
Project("{FAE04EC0-301F-11D3-BF4B-00C04F79EFBC}") = "DotNetExtensions.UnitTests", "DotNetExtensions.UnitTests\DotNetExtensions.UnitTests.csproj", "{EE0F7D32-4BE1-45B8-A4F2-9BB364AD7DAF}"
EndProject
Project("{FAE04EC0-301F-11D3-BF4B-00C04F79EFBC}") = "DotNetExtensions.Samples", "DotNetExtensions.Samples\DotNetExtensions.Samples.csproj", "{836B6042-3CB7-40F6-8998-8078CBAA2C62}"
EndProject
Global
	GlobalSection(SolutionConfigurationPlatforms) = preSolution
		Debug|Any CPU = Debug|Any CPU
		Release|Any CPU = Release|Any CPU
	EndGlobalSection
	GlobalSection(ProjectConfigurationPlatforms) = postSolution
		{5093B38E-9283-4DB2-B62E-C19907069A9C}.Debug|Any CPU.ActiveCfg = Debug|Any CPU
		{5093B38E-9283-4DB2-B62E-C19907069A9C}.Debug|Any CPU.Build.0 = Debug|Any CPU
		{5093B38E-9283-4DB2-B62E-C19907069A9C}.Release|Any CPU.ActiveCfg = Release|Any CPU
		{5093B38E-9283-4DB2-B62E-C19907069A9C}.Release|Any CPU.Build.0 = Release|Any CPU
		{EE0F7D32-4BE1-45B8-A4F2-9BB364AD7DAF}.Debug|Any CPU.ActiveCfg = Debug|Any CPU
		{EE0F7D32-4BE1-45B8-A4F2-9BB364AD7DAF}.Debug|Any CPU.Build.0 = Debug|Any CPU
		{EE0F7D32-4BE1-45B8-A4F2-9BB364AD7DAF}.Release|Any CPU.ActiveCfg = Release|Any CPU
		{EE0F7D32-4BE1-45B8-A4F2-9BB364AD7DAF}.Release|Any CPU.Build.0 = Release|Any CPU
		{836B6042-3CB7-40F6-8998-8078CBAA2C62}.Debug|Any CPU.ActiveCfg = Debug|Any CPU
		{836B6042-3CB7-40F6-8998-8078CBAA2C62}.Debug|Any CPU.Build.0 = Debug|Any CPU
		{836B6042-3CB7-40F6-8998-8078CBAA2C62}.Release|Any CPU.ActiveCfg = Release|Any CPU
		{836B6042-3CB7-40F6-8998-8078CBAA2C62}.Release|Any CPU.Build.0 = Release|Any CPU
	EndGlobalSection
	GlobalSection(SolutionProperties) = preSolution
		HideSolutionNode = FALSE
	EndGlobalSection
EndGlobal
